
Microsoft Visual Studio Solution File, Format Version 11.00
# Visual Studio 2010
Project("{FAE04EC0-301F-11D3-BF4B-00C04F79EFBC}") = "AppFabricCacheProvider", "Source\AppFabricCacheProvider.csproj", "{0EA3961C-8CF4-456A-A5AF-34007B2858E4}"
EndProject
Global
	GlobalSection(SolutionConfigurationPlatforms) = preSolution
		Debug|Any CPU = Debug|Any CPU
		Release|Any CPU = Release|Any CPU
	EndGlobalSection
	GlobalSection(ProjectConfigurationPlatforms) = postSolution
		{0EA3961C-8CF4-456A-A5AF-34007B2858E4}.Debug|Any CPU.ActiveCfg = Debug|Any CPU
		{0EA3961C-8CF4-456A-A5AF-34007B2858E4}.Debug|Any CPU.Build.0 = Debug|Any CPU
		{0EA3961C-8CF4-456A-A5AF-34007B2858E4}.Release|Any CPU.ActiveCfg = Release|Any CPU
		{0EA3961C-8CF4-456A-A5AF-34007B2858E4}.Release|Any CPU.Build.0 = Release|Any CPU
	EndGlobalSection
	GlobalSection(SolutionProperties) = preSolution
		HideSolutionNode = FALSE
	EndGlobalSection
EndGlobal
